
Microsoft Visual Studio Solution File, Format Version 12.00
Project("{2150E333-8FDC-42A3-9474-1A3956D46DE8}") = "Presentation", "Presentation", "{00B05439-7BFE-4FFA-A837-F2321C81D923}"
EndProject
Project("{FAE04EC0-301F-11D3-BF4B-00C04F79EFBC}") = "Domain", "Domain\Domain.csproj", "{98B9CD75-5EBF-498A-8BAD-320D15EBABAF}"
EndProject
Project("{FAE04EC0-301F-11D3-BF4B-00C04F79EFBC}") = "API", "API\API.csproj", "{1E7D9FD5-D467-4857-A17A-032E7791B747}"
EndProject
Project("{FAE04EC0-301F-11D3-BF4B-00C04F79EFBC}") = "Application", "Application\Application.csproj", "{FDDE4FF7-C67C-4085-9B73-8E02A1371AC3}"
EndProject
Project("{FAE04EC0-301F-11D3-BF4B-00C04F79EFBC}") = "Infrastructure", "Infrastructure\Infrastructure.csproj", "{43E6897E-7BEC-4B90-9BFD-D5BA713152D2}"
EndProject
Project("{FAE04EC0-301F-11D3-BF4B-00C04F79EFBC}") = "Persistance", "Persistance\Persistance.csproj", "{3ED45D24-B16A-4FFA-99CC-2C68535F80F5}"
EndProject
Project("{2150E333-8FDC-42A3-9474-1A3956D46DE8}") = "Common", "Common", "{5D7D4469-D6E8-4993-942A-9A7AC4766D5A}"
EndProject
Project("{FAE04EC0-301F-11D3-BF4B-00C04F79EFBC}") = "Common", "Common\Common.csproj", "{C45658AA-A078-4E40-B0E5-3B1970037933}"
EndProject
Project("{2150E333-8FDC-42A3-9474-1A3956D46DE8}") = "External", "External", "{BDE457AD-780C-40C0-BDF3-C6F38DC9C790}"
EndProject
Project("{2150E333-8FDC-42A3-9474-1A3956D46DE8}") = "Core", "Core", "{777AF0A6-63D1-49F6-AA16-C5759AFF8ACE}"
EndProject
Global
	GlobalSection(SolutionConfigurationPlatforms) = preSolution
		Debug|Any CPU = Debug|Any CPU
		Release|Any CPU = Release|Any CPU
	EndGlobalSection
	GlobalSection(NestedProjects) = preSolution
		{1E7D9FD5-D467-4857-A17A-032E7791B747} = {00B05439-7BFE-4FFA-A837-F2321C81D923}
		{C45658AA-A078-4E40-B0E5-3B1970037933} = {5D7D4469-D6E8-4993-942A-9A7AC4766D5A}
		{43E6897E-7BEC-4B90-9BFD-D5BA713152D2} = {BDE457AD-780C-40C0-BDF3-C6F38DC9C790}
		{3ED45D24-B16A-4FFA-99CC-2C68535F80F5} = {BDE457AD-780C-40C0-BDF3-C6F38DC9C790}
		{98B9CD75-5EBF-498A-8BAD-320D15EBABAF} = {777AF0A6-63D1-49F6-AA16-C5759AFF8ACE}
		{FDDE4FF7-C67C-4085-9B73-8E02A1371AC3} = {777AF0A6-63D1-49F6-AA16-C5759AFF8ACE}
	EndGlobalSection
	GlobalSection(ProjectConfigurationPlatforms) = postSolution
		{98B9CD75-5EBF-498A-8BAD-320D15EBABAF}.Debug|Any CPU.ActiveCfg = Debug|Any CPU
		{98B9CD75-5EBF-498A-8BAD-320D15EBABAF}.Debug|Any CPU.Build.0 = Debug|Any CPU
		{98B9CD75-5EBF-498A-8BAD-320D15EBABAF}.Release|Any CPU.ActiveCfg = Release|Any CPU
		{98B9CD75-5EBF-498A-8BAD-320D15EBABAF}.Release|Any CPU.Build.0 = Release|Any CPU
		{1E7D9FD5-D467-4857-A17A-032E7791B747}.Debug|Any CPU.ActiveCfg = Debug|Any CPU
		{1E7D9FD5-D467-4857-A17A-032E7791B747}.Debug|Any CPU.Build.0 = Debug|Any CPU
		{1E7D9FD5-D467-4857-A17A-032E7791B747}.Release|Any CPU.ActiveCfg = Release|Any CPU
		{1E7D9FD5-D467-4857-A17A-032E7791B747}.Release|Any CPU.Build.0 = Release|Any CPU
		{FDDE4FF7-C67C-4085-9B73-8E02A1371AC3}.Debug|Any CPU.ActiveCfg = Debug|Any CPU
		{FDDE4FF7-C67C-4085-9B73-8E02A1371AC3}.Debug|Any CPU.Build.0 = Debug|Any CPU
		{FDDE4FF7-C67C-4085-9B73-8E02A1371AC3}.Release|Any CPU.ActiveCfg = Release|Any CPU
		{FDDE4FF7-C67C-4085-9B73-8E02A1371AC3}.Release|Any CPU.Build.0 = Release|Any CPU
		{43E6897E-7BEC-4B90-9BFD-D5BA713152D2}.Debug|Any CPU.ActiveCfg = Debug|Any CPU
		{43E6897E-7BEC-4B90-9BFD-D5BA713152D2}.Debug|Any CPU.Build.0 = Debug|Any CPU
		{43E6897E-7BEC-4B90-9BFD-D5BA713152D2}.Release|Any CPU.ActiveCfg = Release|Any CPU
		{43E6897E-7BEC-4B90-9BFD-D5BA713152D2}.Release|Any CPU.Build.0 = Release|Any CPU
		{3ED45D24-B16A-4FFA-99CC-2C68535F80F5}.Debug|Any CPU.ActiveCfg = Debug|Any CPU
		{3ED45D24-B16A-4FFA-99CC-2C68535F80F5}.Debug|Any CPU.Build.0 = Debug|Any CPU
		{3ED45D24-B16A-4FFA-99CC-2C68535F80F5}.Release|Any CPU.ActiveCfg = Release|Any CPU
		{3ED45D24-B16A-4FFA-99CC-2C68535F80F5}.Release|Any CPU.Build.0 = Release|Any CPU
		{C45658AA-A078-4E40-B0E5-3B1970037933}.Debug|Any CPU.ActiveCfg = Debug|Any CPU
		{C45658AA-A078-4E40-B0E5-3B1970037933}.Debug|Any CPU.Build.0 = Debug|Any CPU
		{C45658AA-A078-4E40-B0E5-3B1970037933}.Release|Any CPU.ActiveCfg = Release|Any CPU
		{C45658AA-A078-4E40-B0E5-3B1970037933}.Release|Any CPU.Build.0 = Release|Any CPU
	EndGlobalSection
EndGlobal
